// !$*UTF8*$!
{
	archiveVersion = 1;
	classes = {
	};
	objectVersion = 50;
	objects = {

/* Begin PBXBuildFile section */
		2CD41BC9B54B43D77707114E /* libPods-dyyd.a in Frameworks */ = {isa = PBXBuildFile; fileRef = FBFFED2514A761F2182C44F3 /* libPods-dyyd.a */; };
		7CE2CC4C20A2863200CFF8BB /* MBProgressHUD+MJ.m in Sources */ = {isa = PBXBuildFile; fileRef = 7CE2CC4520A2863200CFF8BB /* MBProgressHUD+MJ.m */; };
		7CE2CC4D20A2863200CFF8BB /* MBProgressHUD.bundle in Resources */ = {isa = PBXBuildFile; fileRef = 7CE2CC4620A2863200CFF8BB /* MBProgressHUD.bundle */; };
		7CF6C55920A19AE200F2A37D /* AppDelegate.m in Sources */ = {isa = PBXBuildFile; fileRef = 7CF6C55820A19AE200F2A37D /* AppDelegate.m */; };
		7CF6C55C20A19AE200F2A37D /* ViewController.m in Sources */ = {isa = PBXBuildFile; fileRef = 7CF6C55B20A19AE200F2A37D /* ViewController.m */; };
		7CF6C55F20A19AE200F2A37D /* Main.storyboard in Resources */ = {isa = PBXBuildFile; fileRef = 7CF6C55D20A19AE200F2A37D /* Main.storyboard */; };
		7CF6C56120A19AE500F2A37D /* Assets.xcassets in Resources */ = {isa = PBXBuildFile; fileRef = 7CF6C56020A19AE500F2A37D /* Assets.xcassets */; };
		7CF6C56420A19AE500F2A37D /* LaunchScreen.storyboard in Resources */ = {isa = PBXBuildFile; fileRef = 7CF6C56220A19AE500F2A37D /* LaunchScreen.storyboard */; };
		7CF6C56720A19AE500F2A37D /* main.m in Sources */ = {isa = PBXBuildFile; fileRef = 7CF6C56620A19AE500F2A37D /* main.m */; };
		7CF6C57120A19AE600F2A37D /* dyydTests.m in Sources */ = {isa = PBXBuildFile; fileRef = 7CF6C57020A19AE600F2A37D /* dyydTests.m */; };
		7CF6C57C20A19AE600F2A37D /* dyydUITests.m in Sources */ = {isa = PBXBuildFile; fileRef = 7CF6C57B20A19AE600F2A37D /* dyydUITests.m */; };
		7CFDF97520E33AAD00D3D2D7 /* JSPatchPlatform.framework in Frameworks */ = {isa = PBXBuildFile; fileRef = 7CFDF97420E33AAD00D3D2D7 /* JSPatchPlatform.framework */; };
		7CFDF97720E33AEA00D3D2D7 /* libz.tbd in Frameworks */ = {isa = PBXBuildFile; fileRef = 7CFDF97620E33AEA00D3D2D7 /* libz.tbd */; };
		7CFDF97920E33AF500D3D2D7 /* JavaScriptCore.framework in Frameworks */ = {isa = PBXBuildFile; fileRef = 7CFDF97820E33AF500D3D2D7 /* JavaScriptCore.framework */; };
/* End PBXBuildFile section */

/* Begin PBXContainerItemProxy section */
		7CF6C56D20A19AE600F2A37D /* PBXContainerItemProxy */ = {
			isa = PBXContainerItemProxy;
			containerPortal = 7CF6C54C20A19AE200F2A37D /* Project object */;
			proxyType = 1;
			remoteGlobalIDString = 7CF6C55320A19AE200F2A37D;
			remoteInfo = dyyd;
		};
		7CF6C57820A19AE600F2A37D /* PBXContainerItemProxy */ = {
			isa = PBXContainerItemProxy;
			containerPortal = 7CF6C54C20A19AE200F2A37D /* Project object */;
			proxyType = 1;
			remoteGlobalIDString = 7CF6C55320A19AE200F2A37D;
			remoteInfo = dyyd;
		};
/* End PBXContainerItemProxy section */

/* Begin PBXFileReference section */
		610EC5E9D48204D5BC60C02D /* Pods-dyyd.debug.xcconfig */ = {isa = PBXFileReference; includeInIndex = 1; lastKnownFileType = text.xcconfig; name = "Pods-dyyd.debug.xcconfig"; path = "Pods/Target Support Files/Pods-dyyd/Pods-dyyd.debug.xcconfig"; sourceTree = "<group>"; };
		7ABCAB93FA6F25C4CB64EE4C /* Pods-dyyd.release.xcconfig */ = {isa = PBXFileReference; includeInIndex = 1; lastKnownFileType = text.xcconfig; name = "Pods-dyyd.release.xcconfig"; path = "Pods/Target Support Files/Pods-dyyd/Pods-dyyd.release.xcconfig"; sourceTree = "<group>"; };
		7CE2CC4420A2863200CFF8BB /* MBProgressHUD+MJ.h */ = {isa = PBXFileReference; fileEncoding = 4; lastKnownFileType = sourcecode.c.h; path = "MBProgressHUD+MJ.h"; sourceTree = "<group>"; };
		7CE2CC4520A2863200CFF8BB /* MBProgressHUD+MJ.m */ = {isa = PBXFileReference; fileEncoding = 4; lastKnownFileType = sourcecode.c.objc; path = "MBProgressHUD+MJ.m"; sourceTree = "<group>"; };
		7CE2CC4620A2863200CFF8BB /* MBProgressHUD.bundle */ = {isa = PBXFileReference; lastKnownFileType = "wrapper.plug-in"; path = MBProgressHUD.bundle; sourceTree = "<group>"; };
		7CF6C55420A19AE200F2A37D /* dyyd.app */ = {isa = PBXFileReference; explicitFileType = wrapper.application; includeInIndex = 0; path = dyyd.app; sourceTree = BUILT_PRODUCTS_DIR; };
		7CF6C55720A19AE200F2A37D /* AppDelegate.h */ = {isa = PBXFileReference; lastKnownFileType = sourcecode.c.h; path = AppDelegate.h; sourceTree = "<group>"; };
		7CF6C55820A19AE200F2A37D /* AppDelegate.m */ = {isa = PBXFileReference; lastKnownFileType = sourcecode.c.objc; path = AppDelegate.m; sourceTree = "<group>"; };
		7CF6C55A20A19AE200F2A37D /* ViewController.h */ = {isa = PBXFileReference; lastKnownFileType = sourcecode.c.h; path = ViewController.h; sourceTree = "<group>"; };
		7CF6C55B20A19AE200F2A37D /* ViewController.m */ = {isa = PBXFileReference; lastKnownFileType = sourcecode.c.objc; path = ViewController.m; sourceTree = "<group>"; };
		7CF6C55E20A19AE200F2A37D /* Base */ = {isa = PBXFileReference; lastKnownFileType = file.storyboard; name = Base; path = Base.lproj/Main.storyboard; sourceTree = "<group>"; };
		7CF6C56020A19AE500F2A37D /* Assets.xcassets */ = {isa = PBXFileReference; lastKnownFileType = folder.assetcatalog; path = Assets.xcassets; sourceTree = "<group>"; };
		7CF6C56320A19AE500F2A37D /* Base */ = {isa = PBXFileReference; lastKnownFileType = file.storyboard; name = Base; path = Base.lproj/LaunchScreen.storyboard; sourceTree = "<group>"; };
		7CF6C56520A19AE500F2A37D /* Info.plist */ = {isa = PBXFileReference; lastKnownFileType = text.plist.xml; path = Info.plist; sourceTree = "<group>"; };
		7CF6C56620A19AE500F2A37D /* main.m */ = {isa = PBXFileReference; lastKnownFileType = sourcecode.c.objc; path = main.m; sourceTree = "<group>"; };
		7CF6C56C20A19AE600F2A37D /* dyydTests.xctest */ = {isa = PBXFileReference; explicitFileType = wrapper.cfbundle; includeInIndex = 0; path = dyydTests.xctest; sourceTree = BUILT_PRODUCTS_DIR; };
		7CF6C57020A19AE600F2A37D /* dyydTests.m */ = {isa = PBXFileReference; lastKnownFileType = sourcecode.c.objc; path = dyydTests.m; sourceTree = "<group>"; };
		7CF6C57220A19AE600F2A37D /* Info.plist */ = {isa = PBXFileReference; lastKnownFileType = text.plist.xml; path = Info.plist; sourceTree = "<group>"; };
		7CF6C57720A19AE600F2A37D /* dyydUITests.xctest */ = {isa = PBXFileReference; explicitFileType = wrapper.cfbundle; includeInIndex = 0; path = dyydUITests.xctest; sourceTree = BUILT_PRODUCTS_DIR; };
		7CF6C57B20A19AE600F2A37D /* dyydUITests.m */ = {isa = PBXFileReference; lastKnownFileType = sourcecode.c.objc; path = dyydUITests.m; sourceTree = "<group>"; };
		7CF6C57D20A19AE600F2A37D /* Info.plist */ = {isa = PBXFileReference; lastKnownFileType = text.plist.xml; path = Info.plist; sourceTree = "<group>"; };
		7CFDF97420E33AAD00D3D2D7 /* JSPatchPlatform.framework */ = {isa = PBXFileReference; lastKnownFileType = wrapper.framework; path = JSPatchPlatform.framework; sourceTree = "<group>"; };
		7CFDF97620E33AEA00D3D2D7 /* libz.tbd */ = {isa = PBXFileReference; lastKnownFileType = "sourcecode.text-based-dylib-definition"; name = libz.tbd; path = usr/lib/libz.tbd; sourceTree = SDKROOT; };
		7CFDF97820E33AF500D3D2D7 /* JavaScriptCore.framework */ = {isa = PBXFileReference; lastKnownFileType = wrapper.framework; name = JavaScriptCore.framework; path = System/Library/Frameworks/JavaScriptCore.framework; sourceTree = SDKROOT; };
		FBFFED2514A761F2182C44F3 /* libPods-dyyd.a */ = {isa = PBXFileReference; explicitFileType = archive.ar; includeInIndex = 0; path = "libPods-dyyd.a"; sourceTree = BUILT_PRODUCTS_DIR; };
/* End PBXFileReference section */

/* Begin PBXFrameworksBuildPhase section */
		7CF6C55120A19AE200F2A37D /* Frameworks */ = {
			isa = PBXFrameworksBuildPhase;
			buildActionMask = 2147483647;
			files = (
				7CFDF97920E33AF500D3D2D7 /* JavaScriptCore.framework in Frameworks */,
				7CFDF97720E33AEA00D3D2D7 /* libz.tbd in Frameworks */,
				2CD41BC9B54B43D77707114E /* libPods-dyyd.a in Frameworks */,
				7CFDF97520E33AAD00D3D2D7 /* JSPatchPlatform.framework in Frameworks */,
			);
			runOnlyForDeploymentPostprocessing = 0;
		};
		7CF6C56920A19AE600F2A37D /* Frameworks */ = {
			isa = PBXFrameworksBuildPhase;
			buildActionMask = 2147483647;
			files = (
			);
			runOnlyForDeploymentPostprocessing = 0;
		};
		7CF6C57420A19AE600F2A37D /* Frameworks */ = {
			isa = PBXFrameworksBuildPhase;
			buildActionMask = 2147483647;
			files = (
			);
			runOnlyForDeploymentPostprocessing = 0;
		};
/* End PBXFrameworksBuildPhase section */

/* Begin PBXGroup section */
		7B66BC2AA05547944B4AAFDB /* Pods */ = {
			isa = PBXGroup;
			children = (
				610EC5E9D48204D5BC60C02D /* Pods-dyyd.debug.xcconfig */,
				7ABCAB93FA6F25C4CB64EE4C /* Pods-dyyd.release.xcconfig */,
			);
			name = Pods;
			sourceTree = "<group>";
		};
		7CE2CC4320A2863200CFF8BB /* MBProgressHUD */ = {
			isa = PBXGroup;
			children = (
				7CE2CC4420A2863200CFF8BB /* MBProgressHUD+MJ.h */,
				7CE2CC4520A2863200CFF8BB /* MBProgressHUD+MJ.m */,
				7CE2CC4620A2863200CFF8BB /* MBProgressHUD.bundle */,
			);
			path = MBProgressHUD;
			sourceTree = "<group>";
		};
		7CF6C54B20A19AE200F2A37D = {
			isa = PBXGroup;
			children = (
				7CF6C55620A19AE200F2A37D /* dyyd */,
				7CF6C56F20A19AE600F2A37D /* dyydTests */,
				7CF6C57A20A19AE600F2A37D /* dyydUITests */,
				7CF6C55520A19AE200F2A37D /* Products */,
				7B66BC2AA05547944B4AAFDB /* Pods */,
				8E8F311FF82266017CB42588 /* Frameworks */,
			);
			sourceTree = "<group>";
		};
		7CF6C55520A19AE200F2A37D /* Products */ = {
			isa = PBXGroup;
			children = (
				7CF6C55420A19AE200F2A37D /* dyyd.app */,
				7CF6C56C20A19AE600F2A37D /* dyydTests.xctest */,
				7CF6C57720A19AE600F2A37D /* dyydUITests.xctest */,
			);
			name = Products;
			sourceTree = "<group>";
		};
		7CF6C55620A19AE200F2A37D /* dyyd */ = {
			isa = PBXGroup;
			children = (
				7CFDF97420E33AAD00D3D2D7 /* JSPatchPlatform.framework */,
				7CE2CC4320A2863200CFF8BB /* MBProgressHUD */,
				7CF6C55720A19AE200F2A37D /* AppDelegate.h */,
				7CF6C55820A19AE200F2A37D /* AppDelegate.m */,
				7CF6C55A20A19AE200F2A37D /* ViewController.h */,
				7CF6C55B20A19AE200F2A37D /* ViewController.m */,
				7CF6C55D20A19AE200F2A37D /* Main.storyboard */,
				7CF6C56020A19AE500F2A37D /* Assets.xcassets */,
				7CF6C56220A19AE500F2A37D /* LaunchScreen.storyboard */,
				7CF6C56520A19AE500F2A37D /* Info.plist */,
				7CF6C56620A19AE500F2A37D /* main.m */,
			);
			path = dyyd;
			sourceTree = "<group>";
		};
		7CF6C56F20A19AE600F2A37D /* dyydTests */ = {
			isa = PBXGroup;
			children = (
				7CF6C57020A19AE600F2A37D /* dyydTests.m */,
				7CF6C57220A19AE600F2A37D /* Info.plist */,
			);
			path = dyydTests;
			sourceTree = "<group>";
		};
		7CF6C57A20A19AE600F2A37D /* dyydUITests */ = {
			isa = PBXGroup;
			children = (
				7CF6C57B20A19AE600F2A37D /* dyydUITests.m */,
				7CF6C57D20A19AE600F2A37D /* Info.plist */,
			);
			path = dyydUITests;
			sourceTree = "<group>";
		};
		8E8F311FF82266017CB42588 /* Frameworks */ = {
			isa = PBXGroup;
			children = (
				7CFDF97820E33AF500D3D2D7 /* JavaScriptCore.framework */,
				7CFDF97620E33AEA00D3D2D7 /* libz.tbd */,
				FBFFED2514A761F2182C44F3 /* libPods-dyyd.a */,
			);
			name = Frameworks;
			sourceTree = "<group>";
		};
/* End PBXGroup section */

/* Begin PBXNativeTarget section */
		7CF6C55320A19AE200F2A37D /* dyyd */ = {
			isa = PBXNativeTarget;
			buildConfigurationList = 7CF6C58020A19AE600F2A37D /* Build configuration list for PBXNativeTarget "dyyd" */;
			buildPhases = (
				9F5BB7D520057F601D4DABD9 /* [CP] Check Pods Manifest.lock */,
				7CF6C55020A19AE200F2A37D /* Sources */,
				7CF6C55120A19AE200F2A37D /* Frameworks */,
				7CF6C55220A19AE200F2A37D /* Resources */,
				9A6726B01794B4C79B989BD4 /* [CP] Copy Pods Resources */,
			);
			buildRules = (
			);
			dependencies = (
			);
			name = dyyd;
			productName = dyyd;
			productReference = 7CF6C55420A19AE200F2A37D /* dyyd.app */;
			productType = "com.apple.product-type.application";
		};
		7CF6C56B20A19AE600F2A37D /* dyydTests */ = {
			isa = PBXNativeTarget;
			buildConfigurationList = 7CF6C58320A19AE600F2A37D /* Build configuration list for PBXNativeTarget "dyydTests" */;
			buildPhases = (
				7CF6C56820A19AE600F2A37D /* Sources */,
				7CF6C56920A19AE600F2A37D /* Frameworks */,
				7CF6C56A20A19AE600F2A37D /* Resources */,
			);
			buildRules = (
			);
			dependencies = (
				7CF6C56E20A19AE600F2A37D /* PBXTargetDependency */,
			);
			name = dyydTests;
			productName = dyydTests;
			productReference = 7CF6C56C20A19AE600F2A37D /* dyydTests.xctest */;
			productType = "com.apple.product-type.bundle.unit-test";
		};
		7CF6C57620A19AE600F2A37D /* dyydUITests */ = {
			isa = PBXNativeTarget;
			buildConfigurationList = 7CF6C58620A19AE600F2A37D /* Build configuration list for PBXNativeTarget "dyydUITests" */;
			buildPhases = (
				7CF6C57320A19AE600F2A37D /* Sources */,
				7CF6C57420A19AE600F2A37D /* Frameworks */,
				7CF6C57520A19AE600F2A37D /* Resources */,
			);
			buildRules = (
			);
			dependencies = (
				7CF6C57920A19AE600F2A37D /* PBXTargetDependency */,
			);
			name = dyydUITests;
			productName = dyydUITests;
			productReference = 7CF6C57720A19AE600F2A37D /* dyydUITests.xctest */;
			productType = "com.apple.product-type.bundle.ui-testing";
		};
/* End PBXNativeTarget section */

/* Begin PBXProject section */
		7CF6C54C20A19AE200F2A37D /* Project object */ = {
			isa = PBXProject;
			attributes = {
				LastUpgradeCheck = 0930;
				ORGANIZATIONNAME = beessoft;
				TargetAttributes = {
					7CF6C55320A19AE200F2A37D = {
						CreatedOnToolsVersion = 9.3;
					};
					7CF6C56B20A19AE600F2A37D = {
						CreatedOnToolsVersion = 9.3;
						TestTargetID = 7CF6C55320A19AE200F2A37D;
					};
					7CF6C57620A19AE600F2A37D = {
						CreatedOnToolsVersion = 9.3;
						TestTargetID = 7CF6C55320A19AE200F2A37D;
					};
				};
			};
			buildConfigurationList = 7CF6C54F20A19AE200F2A37D /* Build configuration list for PBXProject "dyyd" */;
			compatibilityVersion = "Xcode 9.3";
			developmentRegion = en;
			hasScannedForEncodings = 0;
			knownRegions = (
				en,
				Base,
			);
			mainGroup = 7CF6C54B20A19AE200F2A37D;
			productRefGroup = 7CF6C55520A19AE200F2A37D /* Products */;
			projectDirPath = "";
			projectRoot = "";
			targets = (
				7CF6C55320A19AE200F2A37D /* dyyd */,
				7CF6C56B20A19AE600F2A37D /* dyydTests */,
				7CF6C57620A19AE600F2A37D /* dyydUITests */,
			);
		};
/* End PBXProject section */

/* Begin PBXResourcesBuildPhase section */
		7CF6C55220A19AE200F2A37D /* Resources */ = {
			isa = PBXResourcesBuildPhase;
			buildActionMask = 2147483647;
			files = (
				7CF6C56420A19AE500F2A37D /* LaunchScreen.storyboard in Resources */,
				7CE2CC4D20A2863200CFF8BB /* MBProgressHUD.bundle in Resources */,
				7CF6C56120A19AE500F2A37D /* Assets.xcassets in Resources */,
				7CF6C55F20A19AE200F2A37D /* Main.storyboard in Resources */,
			);
			runOnlyForDeploymentPostprocessing = 0;
		};
		7CF6C56A20A19AE600F2A37D /* Resources */ = {
			isa = PBXResourcesBuildPhase;
			buildActionMask = 2147483647;
			files = (
			);
			runOnlyForDeploymentPostprocessing = 0;
		};
		7CF6C57520A19AE600F2A37D /* Resources */ = {
			isa = PBXResourcesBuildPhase;
			buildActionMask = 2147483647;
			files = (
			);
			runOnlyForDeploymentPostprocessing = 0;
		};
/* End PBXResourcesBuildPhase section */

/* Begin PBXShellScriptBuildPhase section */
		9A6726B01794B4C79B989BD4 /* [CP] Copy Pods Resources */ = {
			isa = PBXShellScriptBuildPhase;
			buildActionMask = 2147483647;
			files = (
			);
			inputPaths = (
				"${SRCROOT}/Pods/Target Support Files/Pods-dyyd/Pods-dyyd-resources.sh",
				"${PODS_CONFIGURATION_BUILD_DIR}/CTAssetsPickerController/CTAssetsPickerController.bundle",
				"${PODS_ROOT}/IQKeyboardManager/IQKeyboardManager/Resources/IQKeyboardManager.bundle",
				"${PODS_ROOT}/PYPhotoBrowser/PYPhotoBrowser/PYPhotosView.bundle",
			);
			name = "[CP] Copy Pods Resources";
			outputPaths = (
				"${TARGET_BUILD_DIR}/${UNLOCALIZED_RESOURCES_FOLDER_PATH}/CTAssetsPickerController.bundle",
				"${TARGET_BUILD_DIR}/${UNLOCALIZED_RESOURCES_FOLDER_PATH}/IQKeyboardManager.bundle",
				"${TARGET_BUILD_DIR}/${UNLOCALIZED_RESOURCES_FOLDER_PATH}/PYPhotosView.bundle",
			);
			runOnlyForDeploymentPostprocessing = 0;
			shellPath = /bin/sh;
			shellScript = "\"${SRCROOT}/Pods/Target Support Files/Pods-dyyd/Pods-dyyd-resources.sh\"\n";
			showEnvVarsInLog = 0;
		};
		9F5BB7D520057F601D4DABD9 /* [CP] Check Pods Manifest.lock */ = {
			isa = PBXShellScriptBuildPhase;
			buildActionMask = 2147483647;
			files = (
			);
			inputPaths = (
				"${PODS_PODFILE_DIR_PATH}/Podfile.lock",
				"${PODS_ROOT}/Manifest.lock",
			);
			name = "[CP] Check Pods Manifest.lock";
			outputPaths = (
				"$(DERIVED_FILE_DIR)/Pods-dyyd-checkManifestLockResult.txt",
			);
			runOnlyForDeploymentPostprocessing = 0;
			shellPath = /bin/sh;
			shellScript = "diff \"${PODS_PODFILE_DIR_PATH}/Podfile.lock\" \"${PODS_ROOT}/Manifest.lock\" > /dev/null\nif [ $? != 0 ] ; then\n    # print error to STDERR\n    echo \"error: The sandbox is not in sync with the Podfile.lock. Run 'pod install' or update your CocoaPods installation.\" >&2\n    exit 1\nfi\n# This output is used by Xcode 'outputs' to avoid re-running this script phase.\necho \"SUCCESS\" > \"${SCRIPT_OUTPUT_FILE_0}\"\n";
			showEnvVarsInLog = 0;
		};
/* End PBXShellScriptBuildPhase section */

/* Begin PBXSourcesBuildPhase section */
		7CF6C55020A19AE200F2A37D /* Sources */ = {
			isa = PBXSourcesBuildPhase;
			buildActionMask = 2147483647;
			files = (
				7CE2CC4C20A2863200CFF8BB /* MBProgressHUD+MJ.m in Sources */,
				7CF6C55C20A19AE200F2A37D /* ViewController.m in Sources */,
				7CF6C56720A19AE500F2A37D /* main.m in Sources */,
				7CF6C55920A19AE200F2A37D /* AppDelegate.m in Sources */,
			);
			runOnlyForDeploymentPostprocessing = 0;
		};
		7CF6C56820A19AE600F2A37D /* Sources */ = {
			isa = PBXSourcesBuildPhase;
			buildActionMask = 2147483647;
			files = (
				7CF6C57120A19AE600F2A37D /* dyydTests.m in Sources */,
			);
			runOnlyForDeploymentPostprocessing = 0;
		};
		7CF6C57320A19AE600F2A37D /* Sources */ = {
			isa = PBXSourcesBuildPhase;
			buildActionMask = 2147483647;
			files = (
				7CF6C57C20A19AE600F2A37D /* dyydUITests.m in Sources */,
			);
			runOnlyForDeploymentPostprocessing = 0;
		};
/* End PBXSourcesBuildPhase section */

/* Begin PBXTargetDependency section */
		7CF6C56E20A19AE600F2A37D /* PBXTargetDependency */ = {
			isa = PBXTargetDependency;
			target = 7CF6C55320A19AE200F2A37D /* dyyd */;
			targetProxy = 7CF6C56D20A19AE600F2A37D /* PBXContainerItemProxy */;
		};
		7CF6C57920A19AE600F2A37D /* PBXTargetDependency */ = {
			isa = PBXTargetDependency;
			target = 7CF6C55320A19AE200F2A37D /* dyyd */;
			targetProxy = 7CF6C57820A19AE600F2A37D /* PBXContainerItemProxy */;
		};
/* End PBXTargetDependency section */

/* Begin PBXVariantGroup section */
		7CF6C55D20A19AE200F2A37D /* Main.storyboard */ = {
			isa = PBXVariantGroup;
			children = (
				7CF6C55E20A19AE200F2A37D /* Base */,
			);
			name = Main.storyboard;
			sourceTree = "<group>";
		};
		7CF6C56220A19AE500F2A37D /* LaunchScreen.storyboard */ = {
			isa = PBXVariantGroup;
			children = (
				7CF6C56320A19AE500F2A37D /* Base */,
			);
			name = LaunchScreen.storyboard;
			sourceTree = "<group>";
		};
/* End PBXVariantGroup section */

/* Begin XCBuildConfiguration section */
		7CF6C57E20A19AE600F2A37D /* Debug */ = {
			isa = XCBuildConfiguration;
			buildSettings = {
				ALWAYS_SEARCH_USER_PATHS = NO;
				CLANG_ANALYZER_NONNULL = YES;
				CLANG_ANALYZER_NUMBER_OBJECT_CONVERSION = YES_AGGRESSIVE;
				CLANG_CXX_LANGUAGE_STANDARD = "gnu++14";
				CLANG_CXX_LIBRARY = "libc++";
				CLANG_ENABLE_MODULES = YES;
				CLANG_ENABLE_OBJC_ARC = YES;
				CLANG_ENABLE_OBJC_WEAK = YES;
				CLANG_WARN_BLOCK_CAPTURE_AUTORELEASING = YES;
				CLANG_WARN_BOOL_CONVERSION = YES;
				CLANG_WARN_COMMA = YES;
				CLANG_WARN_CONSTANT_CONVERSION = YES;
				CLANG_WARN_DEPRECATED_OBJC_IMPLEMENTATIONS = YES;
				CLANG_WARN_DIRECT_OBJC_ISA_USAGE = YES_ERROR;
				CLANG_WARN_DOCUMENTATION_COMMENTS = YES;
				CLANG_WARN_EMPTY_BODY = YES;
				CLANG_WARN_ENUM_CONVERSION = YES;
				CLANG_WARN_INFINITE_RECURSION = YES;
				CLANG_WARN_INT_CONVERSION = YES;
				CLANG_WARN_NON_LITERAL_NULL_CONVERSION = YES;
				CLANG_WARN_OBJC_IMPLICIT_RETAIN_SELF = YES;
				CLANG_WARN_OBJC_LITERAL_CONVERSION = YES;
				CLANG_WARN_OBJC_ROOT_CLASS = YES_ERROR;
				CLANG_WARN_RANGE_LOOP_ANALYSIS = YES;
				CLANG_WARN_STRICT_PROTOTYPES = YES;
				CLANG_WARN_SUSPICIOUS_MOVE = YES;
				CLANG_WARN_UNGUARDED_AVAILABILITY = YES_AGGRESSIVE;
				CLANG_WARN_UNREACHABLE_CODE = YES;
				CLANG_WARN__DUPLICATE_METHOD_MATCH = YES;
				CODE_SIGN_IDENTITY = "iPhone Developer";
				COPY_PHASE_STRIP = NO;
				DEBUG_INFORMATION_FORMAT = dwarf;
				ENABLE_STRICT_OBJC_MSGSEND = YES;
				ENABLE_TESTABILITY = YES;
				GCC_C_LANGUAGE_STANDARD = gnu11;
				GCC_DYNAMIC_NO_PIC = NO;
				GCC_NO_COMMON_BLOCKS = YES;
				GCC_OPTIMIZATION_LEVEL = 0;
				GCC_PREPROCESSOR_DEFINITIONS = (
					"DEBUG=1",
					"$(inherited)",
				);
				GCC_WARN_64_TO_32_BIT_CONVERSION = YES;
				GCC_WARN_ABOUT_RETURN_TYPE = YES_ERROR;
				GCC_WARN_UNDECLARED_SELECTOR = YES;
				GCC_WARN_UNINITIALIZED_AUTOS = YES_AGGRESSIVE;
				GCC_WARN_UNUSED_FUNCTION = YES;
				GCC_WARN_UNUSED_VARIABLE = YES;
				IPHONEOS_DEPLOYMENT_TARGET = 11.3;
				MTL_ENABLE_DEBUG_INFO = YES;
				ONLY_ACTIVE_ARCH = YES;
				SDKROOT = iphoneos;
			};
			name = Debug;
		};
		7CF6C57F20A19AE600F2A37D /* Release */ = {
			isa = XCBuildConfiguration;
			buildSettings = {
				ALWAYS_SEARCH_USER_PATHS = NO;
				CLANG_ANALYZER_NONNULL = YES;
				CLANG_ANALYZER_NUMBER_OBJECT_CONVERSION = YES_AGGRESSIVE;
				CLANG_CXX_LANGUAGE_STANDARD = "gnu++14";
				CLANG_CXX_LIBRARY = "libc++";
				CLANG_ENABLE_MODULES = YES;
				CLANG_ENABLE_OBJC_ARC = YES;
				CLANG_ENABLE_OBJC_WEAK = YES;
				CLANG_WARN_BLOCK_CAPTURE_AUTORELEASING = YES;
				CLANG_WARN_BOOL_CONVERSION = YES;
				CLANG_WARN_COMMA = YES;
				CLANG_WARN_CONSTANT_CONVERSION = YES;
				CLANG_WARN_DEPRECATED_OBJC_IMPLEMENTATIONS = YES;
				CLANG_WARN_DIRECT_OBJC_ISA_USAGE = YES_ERROR;
				CLANG_WARN_DOCUMENTATION_COMMENTS = YES;
				CLANG_WARN_EMPTY_BODY = YES;
				CLANG_WARN_ENUM_CONVERSION = YES;
				CLANG_WARN_INFINITE_RECURSION = YES;
				CLANG_WARN_INT_CONVERSION = YES;
				CLANG_WARN_NON_LITERAL_NULL_CONVERSION = YES;
				CLANG_WARN_OBJC_IMPLICIT_RETAIN_SELF = YES;
				CLANG_WARN_OBJC_LITERAL_CONVERSION = YES;
				CLANG_WARN_OBJC_ROOT_CLASS = YES_ERROR;
				CLANG_WARN_RANGE_LOOP_ANALYSIS = YES;
				CLANG_WARN_STRICT_PROTOTYPES = YES;
				CLANG_WARN_SUSPICIOUS_MOVE = YES;
				CLANG_WARN_UNGUARDED_AVAILABILITY = YES_AGGRESSIVE;
				CLANG_WARN_UNREACHABLE_CODE = YES;
				CLANG_WARN__DUPLICATE_METHOD_MATCH = YES;
				CODE_SIGN_IDENTITY = "iPhone Developer";
				COPY_PHASE_STRIP = NO;
				DEBUG_INFORMATION_FORMAT = "dwarf-with-dsym";
				ENABLE_NS_ASSERTIONS = NO;
				ENABLE_STRICT_OBJC_MSGSEND = YES;
				GCC_C_LANGUAGE_STANDARD = gnu11;
				GCC_NO_COMMON_BLOCKS = YES;
				GCC_WARN_64_TO_32_BIT_CONVERSION = YES;
				GCC_WARN_ABOUT_RETURN_TYPE = YES_ERROR;
				GCC_WARN_UNDECLARED_SELECTOR = YES;
				GCC_WARN_UNINITIALIZED_AUTOS = YES_AGGRESSIVE;
				GCC_WARN_UNUSED_FUNCTION = YES;
				GCC_WARN_UNUSED_VARIABLE = YES;
				IPHONEOS_DEPLOYMENT_TARGET = 11.3;
				MTL_ENABLE_DEBUG_INFO = NO;
				SDKROOT = iphoneos;
				VALIDATE_PRODUCT = YES;
			};
			name = Release;
		};
		7CF6C58120A19AE600F2A37D /* Debug */ = {
			isa = XCBuildConfiguration;
			baseConfigurationReference = 610EC5E9D48204D5BC60C02D /* Pods-dyyd.debug.xcconfig */;
			buildSettings = {
				ASSETCATALOG_COMPILER_APPICON_NAME = AppIcon;
				CODE_SIGN_STYLE = Automatic;
				DEVELOPMENT_TEAM = 5TS287Q5U8;
				FRAMEWORK_SEARCH_PATHS = (
					"$(inherited)",
					"$(PROJECT_DIR)/dyyd",
				);
				INFOPLIST_FILE = dyyd/Info.plist;
				LD_RUNPATH_SEARCH_PATHS = (
					"$(inherited)",
					"@executable_path/Frameworks",
				);
				PRODUCT_BUNDLE_IDENTIFIER = com.beessoft.dyyd;
				PRODUCT_NAME = "$(TARGET_NAME)";
				TARGETED_DEVICE_FAMILY = "1,2";
			};
			name = Debug;
		};
		7CF6C58220A19AE600F2A37D /* Release */ = {
			isa = XCBuildConfiguration;
			baseConfigurationReference = 7ABCAB93FA6F25C4CB64EE4C /* Pods-dyyd.release.xcconfig */;
			buildSettings = {
				ASSETCATALOG_COMPILER_APPICON_NAME = AppIcon;
				CODE_SIGN_STYLE = Automatic;
				DEVELOPMENT_TEAM = 5TS287Q5U8;
				FRAMEWORK_SEARCH_PATHS = (
					"$(inherited)",
					"$(PROJECT_DIR)/dyyd",
				);
				INFOPLIST_FILE = dyyd/Info.plist;
				LD_RUNPATH_SEARCH_PATHS = (
					"$(inherited)",
					"@executable_path/Frameworks",
				);
				PRODUCT_BUNDLE_IDENTIFIER = com.beessoft.dyyd;
				PRODUCT_NAME = "$(TARGET_NAME)";
				TARGETED_DEVICE_FAMILY = "1,2";
			};
			name = Release;
		};
		7CF6C58420A19AE600F2A37D /* Debug */ = {
			isa = XCBuildConfiguration;
			buildSettings = {
				BUNDLE_LOADER = "$(TEST_HOST)";
				CODE_SIGN_STYLE = Automatic;
				DEVELOPMENT_TEAM = 5TS287Q5U8;
				INFOPLIST_FILE = dyydTests/Info.plist;
				LD_RUNPATH_SEARCH_PATHS = (
					"$(inherited)",
					"@executable_path/Frameworks",
					"@loader_path/Frameworks",
				);
				PRODUCT_BUNDLE_IDENTIFIER = com.beessoft.dyydTests;
				PRODUCT_NAME = "$(TARGET_NAME)";
				TARGETED_DEVICE_FAMILY = "1,2";
				TEST_HOST = "$(BUILT_PRODUCTS_DIR)/dyyd.app/dyyd";
			};
			name = Debug;
		};
		7CF6C58520A19AE600F2A37D /* Release */ = {
			isa = XCBuildConfiguration;
			buildSettings = {
				BUNDLE_LOADER = "$(TEST_HOST)";
				CODE_SIGN_STYLE = Automatic;
				DEVELOPMENT_TEAM = 5TS287Q5U8;
				INFOPLIST_FILE = dyydTests/Info.plist;
				LD_RUNPATH_SEARCH_PATHS = (
					"$(inherited)",
					"@executable_path/Frameworks",
					"@loader_path/Frameworks",
				);
				PRODUCT_BUNDLE_IDENTIFIER = com.beessoft.dyydTests;
				PRODUCT_NAME = "$(TARGET_NAME)";
				TARGETED_DEVICE_FAMILY = "1,2";
				TEST_HOST = "$(BUILT_PRODUCTS_DIR)/dyyd.app/dyyd";
			};
			name = Release;
		};
		7CF6C58720A19AE600F2A37D /* Debug */ = {
			isa = XCBuildConfiguration;
			buildSettings = {
				CODE_SIGN_STYLE = Automatic;
				DEVELOPMENT_TEAM = 5TS287Q5U8;
				INFOPLIST_FILE = dyydUITests/Info.plist;
				LD_RUNPATH_SEARCH_PATHS = (
					"$(inherited)",
					"@executable_path/Frameworks",
					"@loader_path/Frameworks",
				);
				PRODUCT_BUNDLE_IDENTIFIER = com.beessoft.dyydUITests;
				PRODUCT_NAME = "$(TARGET_NAME)";
				TARGETED_DEVICE_FAMILY = "1,2";
				TEST_TARGET_NAME = dyyd;
			};
			name = Debug;
		};
		7CF6C58820A19AE600F2A37D /* Release */ = {
			isa = XCBuildConfiguration;
			buildSettings = {
				CODE_SIGN_STYLE = Automatic;
				DEVELOPMENT_TEAM = 5TS287Q5U8;
				INFOPLIST_FILE = dyydUITests/Info.plist;
				LD_RUNPATH_SEARCH_PATHS = (
					"$(inherited)",
					"@executable_path/Frameworks",
					"@loader_path/Frameworks",
				);
				PRODUCT_BUNDLE_IDENTIFIER = com.beessoft.dyydUITests;
				PRODUCT_NAME = "$(TARGET_NAME)";
				TARGETED_DEVICE_FAMILY = "1,2";
				TEST_TARGET_NAME = dyyd;
			};
			name = Release;
		};
/* End XCBuildConfiguration section */

/* Begin XCConfigurationList section */
		7CF6C54F20A19AE200F2A37D /* Build configuration list for PBXProject "dyyd" */ = {
			isa = XCConfigurationList;
			buildConfigurations = (
				7CF6C57E20A19AE600F2A37D /* Debug */,
				7CF6C57F20A19AE600F2A37D /* Release */,
			);
			defaultConfigurationIsVisible = 0;
			defaultConfigurationName = Release;
		};
		7CF6C58020A19AE600F2A37D /* Build configuration list for PBXNativeTarget "dyyd" */ = {
			isa = XCConfigurationList;
			buildConfigurations = (
				7CF6C58120A19AE600F2A37D /* Debug */,
				7CF6C58220A19AE600F2A37D /* Release */,
			);
			defaultConfigurationIsVisible = 0;
			defaultConfigurationName = Release;
		};
		7CF6C58320A19AE600F2A37D /* Build configuration list for PBXNativeTarget "dyydTests" */ = {
			isa = XCConfigurationList;
			buildConfigurations = (
				7CF6C58420A19AE600F2A37D /* Debug */,
				7CF6C58520A19AE600F2A37D /* Release */,
			);
			defaultConfigurationIsVisible = 0;
			defaultConfigurationName = Release;
		};
		7CF6C58620A19AE600F2A37D /* Build configuration list for PBXNativeTarget "dyydUITests" */ = {
			isa = XCConfigurationList;
			buildConfigurations = (
				7CF6C58720A19AE600F2A37D /* Debug */,
				7CF6C58820A19AE600F2A37D /* Release */,
			);
			defaultConfigurationIsVisible = 0;
			defaultConfigurationName = Release;
		};
/* End XCConfigurationList section */
	};
	rootObject = 7CF6C54C20A19AE200F2A37D /* Project object */;
}
